
Microsoft Visual Studio Solution File, Format Version 12.00
# Visual Studio 2015
Project("{FAE04EC0-301F-11D3-BF4B-00C04F79EFBC}") = "SimpleRTS - Ver6.CSharp.Plugins", "SimpleRTS - Ver6.CSharp.Plugins.csproj", "{F21B8105-C96B-EF00-9321-63D3DF5D3DC7}"
EndProject
Project("{FAE04EC0-301F-11D3-BF4B-00C04F79EFBC}") = "SimpleRTS - Ver6.CSharp", "SimpleRTS - Ver6.CSharp.csproj", "{91480934-8389-D52C-AD10-1E6FC2154BF4}"
EndProject
Project("{FAE04EC0-301F-11D3-BF4B-00C04F79EFBC}") = "SimpleRTS - Ver6.CSharp.Editor", "SimpleRTS - Ver6.CSharp.Editor.csproj", "{771996B7-483D-D75C-3D38-B02764FFD4F8}"
EndProject
Global
	GlobalSection(SolutionConfigurationPlatforms) = preSolution
		Debug|Any CPU = Debug|Any CPU
		Release|Any CPU = Release|Any CPU
	EndGlobalSection
	GlobalSection(ProjectConfigurationPlatforms) = postSolution
		{F21B8105-C96B-EF00-9321-63D3DF5D3DC7}.Debug|Any CPU.ActiveCfg = Debug|Any CPU
		{F21B8105-C96B-EF00-9321-63D3DF5D3DC7}.Debug|Any CPU.Build.0 = Debug|Any CPU
		{F21B8105-C96B-EF00-9321-63D3DF5D3DC7}.Release|Any CPU.ActiveCfg = Release|Any CPU
		{F21B8105-C96B-EF00-9321-63D3DF5D3DC7}.Release|Any CPU.Build.0 = Release|Any CPU
		{91480934-8389-D52C-AD10-1E6FC2154BF4}.Debug|Any CPU.ActiveCfg = Debug|Any CPU
		{91480934-8389-D52C-AD10-1E6FC2154BF4}.Debug|Any CPU.Build.0 = Debug|Any CPU
		{91480934-8389-D52C-AD10-1E6FC2154BF4}.Release|Any CPU.ActiveCfg = Release|Any CPU
		{91480934-8389-D52C-AD10-1E6FC2154BF4}.Release|Any CPU.Build.0 = Release|Any CPU
		{771996B7-483D-D75C-3D38-B02764FFD4F8}.Debug|Any CPU.ActiveCfg = Debug|Any CPU
		{771996B7-483D-D75C-3D38-B02764FFD4F8}.Debug|Any CPU.Build.0 = Debug|Any CPU
		{771996B7-483D-D75C-3D38-B02764FFD4F8}.Release|Any CPU.ActiveCfg = Release|Any CPU
		{771996B7-483D-D75C-3D38-B02764FFD4F8}.Release|Any CPU.Build.0 = Release|Any CPU
	EndGlobalSection
	GlobalSection(SolutionProperties) = preSolution
		HideSolutionNode = FALSE
	EndGlobalSection
EndGlobal
